
Microsoft Visual Studio Solution File, Format Version 12.00
# Visual Studio Version 16
VisualStudioVersion = 16.0.31829.152
MinimumVisualStudioVersion = 10.0.40219.1
Project("{FAE04EC0-301F-11D3-BF4B-00C04F79EFBC}") = "usuarios", "usuarios\usuarios.csproj", "{CE438FF2-8A87-461E-ADF5-33F440758C4B}"
EndProject
Project("{FAE04EC0-301F-11D3-BF4B-00C04F79EFBC}") = "AccesoDatos.ClassLibrary1", "AccesoDatos.ClassLibrary1\AccesoDatos.ClassLibrary1.csproj", "{7476316A-EBC6-496C-B26A-9C632F8259ED}"
EndProject
Project("{FAE04EC0-301F-11D3-BF4B-00C04F79EFBC}") = "Logica.ClassLibrary1", "Logica.ClassLibrary1\Logica.ClassLibrary1.csproj", "{37A0600C-CE14-4CC8-88E4-91521C0DC38F}"
EndProject
Project("{FAE04EC0-301F-11D3-BF4B-00C04F79EFBC}") = "Presentacion.WebForms", "Presentacion.WebForms\Presentacion.WebForms.csproj", "{FECAD698-333F-42BF-8B07-CCE6A34E835F}"
EndProject
Project("{FAE04EC0-301F-11D3-BF4B-00C04F79EFBC}") = "Servicio.API", "Servicio.API\Servicio.API.csproj", "{D070A8C1-DBF8-4A8B-93EC-07457BE8CE10}"
EndProject
Global
	GlobalSection(SolutionConfigurationPlatforms) = preSolution
		Debug|Any CPU = Debug|Any CPU
		Release|Any CPU = Release|Any CPU
	EndGlobalSection
	GlobalSection(ProjectConfigurationPlatforms) = postSolution
		{CE438FF2-8A87-461E-ADF5-33F440758C4B}.Debug|Any CPU.ActiveCfg = Debug|Any CPU
		{CE438FF2-8A87-461E-ADF5-33F440758C4B}.Debug|Any CPU.Build.0 = Debug|Any CPU
		{CE438FF2-8A87-461E-ADF5-33F440758C4B}.Release|Any CPU.ActiveCfg = Release|Any CPU
		{CE438FF2-8A87-461E-ADF5-33F440758C4B}.Release|Any CPU.Build.0 = Release|Any CPU
		{7476316A-EBC6-496C-B26A-9C632F8259ED}.Debug|Any CPU.ActiveCfg = Debug|Any CPU
		{7476316A-EBC6-496C-B26A-9C632F8259ED}.Debug|Any CPU.Build.0 = Debug|Any CPU
		{7476316A-EBC6-496C-B26A-9C632F8259ED}.Release|Any CPU.ActiveCfg = Release|Any CPU
		{7476316A-EBC6-496C-B26A-9C632F8259ED}.Release|Any CPU.Build.0 = Release|Any CPU
		{37A0600C-CE14-4CC8-88E4-91521C0DC38F}.Debug|Any CPU.ActiveCfg = Debug|Any CPU
		{37A0600C-CE14-4CC8-88E4-91521C0DC38F}.Debug|Any CPU.Build.0 = Debug|Any CPU
		{37A0600C-CE14-4CC8-88E4-91521C0DC38F}.Release|Any CPU.ActiveCfg = Release|Any CPU
		{37A0600C-CE14-4CC8-88E4-91521C0DC38F}.Release|Any CPU.Build.0 = Release|Any CPU
		{FECAD698-333F-42BF-8B07-CCE6A34E835F}.Debug|Any CPU.ActiveCfg = Debug|Any CPU
		{FECAD698-333F-42BF-8B07-CCE6A34E835F}.Debug|Any CPU.Build.0 = Debug|Any CPU
		{FECAD698-333F-42BF-8B07-CCE6A34E835F}.Release|Any CPU.ActiveCfg = Release|Any CPU
		{FECAD698-333F-42BF-8B07-CCE6A34E835F}.Release|Any CPU.Build.0 = Release|Any CPU
		{D070A8C1-DBF8-4A8B-93EC-07457BE8CE10}.Debug|Any CPU.ActiveCfg = Debug|Any CPU
		{D070A8C1-DBF8-4A8B-93EC-07457BE8CE10}.Debug|Any CPU.Build.0 = Debug|Any CPU
		{D070A8C1-DBF8-4A8B-93EC-07457BE8CE10}.Release|Any CPU.ActiveCfg = Release|Any CPU
		{D070A8C1-DBF8-4A8B-93EC-07457BE8CE10}.Release|Any CPU.Build.0 = Release|Any CPU
	EndGlobalSection
	GlobalSection(SolutionProperties) = preSolution
		HideSolutionNode = FALSE
	EndGlobalSection
	GlobalSection(ExtensibilityGlobals) = postSolution
		SolutionGuid = {2EA0B27A-B9EB-46DD-98CE-1F0105550D0F}
	EndGlobalSection
EndGlobal
